// !$*UTF8*$!
{
	archiveVersion = 1;
	classes = {
	};
	objectVersion = 50;
	objects = {

/* Begin PBXBuildFile section */
		522AC38923A726FE00F887BB /* AppDelegate.swift in Sources */ = {isa = PBXBuildFile; fileRef = 522AC38823A726FE00F887BB /* AppDelegate.swift */; };
		522AC38B23A726FE00F887BB /* SceneDelegate.swift in Sources */ = {isa = PBXBuildFile; fileRef = 522AC38A23A726FE00F887BB /* SceneDelegate.swift */; };
		522AC38D23A726FE00F887BB /* ViewController.swift in Sources */ = {isa = PBXBuildFile; fileRef = 522AC38C23A726FE00F887BB /* ViewController.swift */; };
		522AC39023A726FE00F887BB /* Main.storyboard in Resources */ = {isa = PBXBuildFile; fileRef = 522AC38E23A726FE00F887BB /* Main.storyboard */; };
		522AC39223A726FF00F887BB /* Assets.xcassets in Resources */ = {isa = PBXBuildFile; fileRef = 522AC39123A726FF00F887BB /* Assets.xcassets */; };
		522AC39523A726FF00F887BB /* LaunchScreen.storyboard in Resources */ = {isa = PBXBuildFile; fileRef = 522AC39323A726FF00F887BB /* LaunchScreen.storyboard */; };
		522AC39D23A7277F00F887BB /* API.swift in Sources */ = {isa = PBXBuildFile; fileRef = 522AC39C23A7277F00F887BB /* API.swift */; };
		522AC3A123A7278500F887BB /* Extension+JSON.swift in Sources */ = {isa = PBXBuildFile; fileRef = 522AC39E23A7278400F887BB /* Extension+JSON.swift */; };
		522AC3A223A7278500F887BB /* Extension+UIColor.swift in Sources */ = {isa = PBXBuildFile; fileRef = 522AC39F23A7278400F887BB /* Extension+UIColor.swift */; };
		522AC3A323A7278500F887BB /* Extension+UIImage.swift in Sources */ = {isa = PBXBuildFile; fileRef = 522AC3A023A7278400F887BB /* Extension+UIImage.swift */; };
		522AC3A723A7278E00F887BB /* RMPZoomTransitionAnimator.swift in Sources */ = {isa = PBXBuildFile; fileRef = 522AC3A423A7278E00F887BB /* RMPZoomTransitionAnimator.swift */; };
		522AC3A823A7278E00F887BB /* RMPZoomTransitionDelegate.swift in Sources */ = {isa = PBXBuildFile; fileRef = 522AC3A523A7278E00F887BB /* RMPZoomTransitionDelegate.swift */; };
		522AC3A923A7278E00F887BB /* RMPZoomTransitionAnimating.swift in Sources */ = {isa = PBXBuildFile; fileRef = 522AC3A623A7278E00F887BB /* RMPZoomTransitionAnimating.swift */; };
		522AC3AC23A7279400F887BB /* ViewController.swift in Sources */ = {isa = PBXBuildFile; fileRef = 522AC3AA23A7279400F887BB /* ViewController.swift */; };
		522AC3AD23A7279400F887BB /* DetailViewController.swift in Sources */ = {isa = PBXBuildFile; fileRef = 522AC3AB23A7279400F887BB /* DetailViewController.swift */; };
		522AC3B423A7279C00F887BB /* LoadingCell.swift in Sources */ = {isa = PBXBuildFile; fileRef = 522AC3AE23A7279B00F887BB /* LoadingCell.swift */; };
		522AC3B523A7279C00F887BB /* ItemCell.swift in Sources */ = {isa = PBXBuildFile; fileRef = 522AC3AF23A7279B00F887BB /* ItemCell.swift */; };
		522AC3B623A7279C00F887BB /* ImageCell.swift in Sources */ = {isa = PBXBuildFile; fileRef = 522AC3B023A7279B00F887BB /* ImageCell.swift */; };
		522AC3B723A7279C00F887BB /* LoadingCell.xib in Resources */ = {isa = PBXBuildFile; fileRef = 522AC3B123A7279B00F887BB /* LoadingCell.xib */; };
		522AC3B823A7279C00F887BB /* ImageCell.xib in Resources */ = {isa = PBXBuildFile; fileRef = 522AC3B223A7279B00F887BB /* ImageCell.xib */; };
		522AC3B923A7279C00F887BB /* ItemCell.xib in Resources */ = {isa = PBXBuildFile; fileRef = 522AC3B323A7279B00F887BB /* ItemCell.xib */; };
/* End PBXBuildFile section */

/* Begin PBXFileReference section */
		522AC38523A726FE00F887BB /* ProjectSeller.app */ = {isa = PBXFileReference; explicitFileType = wrapper.application; includeInIndex = 0; path = ProjectSeller.app; sourceTree = BUILT_PRODUCTS_DIR; };
		522AC38823A726FE00F887BB /* AppDelegate.swift */ = {isa = PBXFileReference; lastKnownFileType = sourcecode.swift; path = AppDelegate.swift; sourceTree = "<group>"; };
		522AC38A23A726FE00F887BB /* SceneDelegate.swift */ = {isa = PBXFileReference; lastKnownFileType = sourcecode.swift; path = SceneDelegate.swift; sourceTree = "<group>"; };
		522AC38C23A726FE00F887BB /* ViewController.swift */ = {isa = PBXFileReference; lastKnownFileType = sourcecode.swift; path = ViewController.swift; sourceTree = "<group>"; };
		522AC38F23A726FE00F887BB /* Base */ = {isa = PBXFileReference; lastKnownFileType = file.storyboard; name = Base; path = Base.lproj/Main.storyboard; sourceTree = "<group>"; };
		522AC39123A726FF00F887BB /* Assets.xcassets */ = {isa = PBXFileReference; lastKnownFileType = folder.assetcatalog; path = Assets.xcassets; sourceTree = "<group>"; };
		522AC39423A726FF00F887BB /* Base */ = {isa = PBXFileReference; lastKnownFileType = file.storyboard; name = Base; path = Base.lproj/LaunchScreen.storyboard; sourceTree = "<group>"; };
		522AC39623A726FF00F887BB /* Info.plist */ = {isa = PBXFileReference; lastKnownFileType = text.plist.xml; path = Info.plist; sourceTree = "<group>"; };
		522AC39C23A7277F00F887BB /* API.swift */ = {isa = PBXFileReference; fileEncoding = 4; lastKnownFileType = sourcecode.swift; path = API.swift; sourceTree = "<group>"; };
		522AC39E23A7278400F887BB /* Extension+JSON.swift */ = {isa = PBXFileReference; fileEncoding = 4; lastKnownFileType = sourcecode.swift; path = "Extension+JSON.swift"; sourceTree = "<group>"; };
		522AC39F23A7278400F887BB /* Extension+UIColor.swift */ = {isa = PBXFileReference; fileEncoding = 4; lastKnownFileType = sourcecode.swift; path = "Extension+UIColor.swift"; sourceTree = "<group>"; };
		522AC3A023A7278400F887BB /* Extension+UIImage.swift */ = {isa = PBXFileReference; fileEncoding = 4; lastKnownFileType = sourcecode.swift; path = "Extension+UIImage.swift"; sourceTree = "<group>"; };
		522AC3A423A7278E00F887BB /* RMPZoomTransitionAnimator.swift */ = {isa = PBXFileReference; fileEncoding = 4; lastKnownFileType = sourcecode.swift; path = RMPZoomTransitionAnimator.swift; sourceTree = "<group>"; };
		522AC3A523A7278E00F887BB /* RMPZoomTransitionDelegate.swift */ = {isa = PBXFileReference; fileEncoding = 4; lastKnownFileType = sourcecode.swift; path = RMPZoomTransitionDelegate.swift; sourceTree = "<group>"; };
		522AC3A623A7278E00F887BB /* RMPZoomTransitionAnimating.swift */ = {isa = PBXFileReference; fileEncoding = 4; lastKnownFileType = sourcecode.swift; path = RMPZoomTransitionAnimating.swift; sourceTree = "<group>"; };
		522AC3AA23A7279400F887BB /* ViewController.swift */ = {isa = PBXFileReference; fileEncoding = 4; lastKnownFileType = sourcecode.swift; name = ViewController.swift; path = "../../../kimjongchan-repos/kimjongchan/kimjongchan/VC/ViewController.swift"; sourceTree = "<group>"; };
		522AC3AB23A7279400F887BB /* DetailViewController.swift */ = {isa = PBXFileReference; fileEncoding = 4; lastKnownFileType = sourcecode.swift; path = DetailViewController.swift; sourceTree = "<group>"; };
		522AC3AE23A7279B00F887BB /* LoadingCell.swift */ = {isa = PBXFileReference; fileEncoding = 4; lastKnownFileType = sourcecode.swift; path = LoadingCell.swift; sourceTree = "<group>"; };
		522AC3AF23A7279B00F887BB /* ItemCell.swift */ = {isa = PBXFileReference; fileEncoding = 4; lastKnownFileType = sourcecode.swift; path = ItemCell.swift; sourceTree = "<group>"; };
		522AC3B023A7279B00F887BB /* ImageCell.swift */ = {isa = PBXFileReference; fileEncoding = 4; lastKnownFileType = sourcecode.swift; path = ImageCell.swift; sourceTree = "<group>"; };
		522AC3B123A7279B00F887BB /* LoadingCell.xib */ = {isa = PBXFileReference; fileEncoding = 4; lastKnownFileType = file.xib; path = LoadingCell.xib; sourceTree = "<group>"; };
		522AC3B223A7279B00F887BB /* ImageCell.xib */ = {isa = PBXFileReference; fileEncoding = 4; lastKnownFileType = file.xib; path = ImageCell.xib; sourceTree = "<group>"; };
		522AC3B323A7279B00F887BB /* ItemCell.xib */ = {isa = PBXFileReference; fileEncoding = 4; lastKnownFileType = file.xib; path = ItemCell.xib; sourceTree = "<group>"; };
/* End PBXFileReference section */

/* Begin PBXFrameworksBuildPhase section */
		522AC38223A726FE00F887BB /* Frameworks */ = {
			isa = PBXFrameworksBuildPhase;
			buildActionMask = 2147483647;
			files = (
			);
			runOnlyForDeploymentPostprocessing = 0;
		};
/* End PBXFrameworksBuildPhase section */

/* Begin PBXGroup section */
		522AC37C23A726FE00F887BB = {
			isa = PBXGroup;
			children = (
				522AC38723A726FE00F887BB /* ProjectSeller */,
				522AC38623A726FE00F887BB /* Products */,
			);
			sourceTree = "<group>";
		};
		522AC38623A726FE00F887BB /* Products */ = {
			isa = PBXGroup;
			children = (
				522AC38523A726FE00F887BB /* ProjectSeller.app */,
			);
			name = Products;
			sourceTree = "<group>";
		};
		522AC38723A726FE00F887BB /* ProjectSeller */ = {
			isa = PBXGroup;
			children = (
				522AC3BA23A727AA00F887BB /* Supporting Files */,
				522AC3AB23A7279400F887BB /* DetailViewController.swift */,
				522AC38C23A726FE00F887BB /* ViewController.swift */,
				522AC3B023A7279B00F887BB /* ImageCell.swift */,
				522AC3B223A7279B00F887BB /* ImageCell.xib */,
				522AC3AF23A7279B00F887BB /* ItemCell.swift */,
				522AC3B323A7279B00F887BB /* ItemCell.xib */,
				522AC3AE23A7279B00F887BB /* LoadingCell.swift */,
				522AC3B123A7279B00F887BB /* LoadingCell.xib */,
				522AC39C23A7277F00F887BB /* API.swift */,
				522AC39E23A7278400F887BB /* Extension+JSON.swift */,
				522AC39F23A7278400F887BB /* Extension+UIColor.swift */,
				522AC3A023A7278400F887BB /* Extension+UIImage.swift */,
				522AC3A623A7278E00F887BB /* RMPZoomTransitionAnimating.swift */,
				522AC3A423A7278E00F887BB /* RMPZoomTransitionAnimator.swift */,
				522AC3A523A7278E00F887BB /* RMPZoomTransitionDelegate.swift */,
				522AC3AA23A7279400F887BB /* ViewController.swift */,
			);
			path = ProjectSeller;
			sourceTree = "<group>";
		};
		522AC3BA23A727AA00F887BB /* Supporting Files */ = {
			isa = PBXGroup;
			children = (
				522AC38823A726FE00F887BB /* AppDelegate.swift */,
				522AC38A23A726FE00F887BB /* SceneDelegate.swift */,
				522AC38E23A726FE00F887BB /* Main.storyboard */,
				522AC39123A726FF00F887BB /* Assets.xcassets */,
				522AC39323A726FF00F887BB /* LaunchScreen.storyboard */,
				522AC39623A726FF00F887BB /* Info.plist */,
			);
			path = "Supporting Files";
			sourceTree = "<group>";
		};
/* End PBXGroup section */

/* Begin PBXNativeTarget section */
		522AC38423A726FE00F887BB /* ProjectSeller */ = {
			isa = PBXNativeTarget;
			buildConfigurationList = 522AC39923A726FF00F887BB /* Build configuration list for PBXNativeTarget "ProjectSeller" */;
			buildPhases = (
				522AC38123A726FE00F887BB /* Sources */,
				522AC38223A726FE00F887BB /* Frameworks */,
				522AC38323A726FE00F887BB /* Resources */,
			);
			buildRules = (
			);
			dependencies = (
			);
			name = ProjectSeller;
			productName = ProjectSeller;
			productReference = 522AC38523A726FE00F887BB /* ProjectSeller.app */;
			productType = "com.apple.product-type.application";
		};
/* End PBXNativeTarget section */

/* Begin PBXProject section */
		522AC37D23A726FE00F887BB /* Project object */ = {
			isa = PBXProject;
			attributes = {
				LastSwiftUpdateCheck = 1110;
				LastUpgradeCheck = 1110;
				ORGANIZATIONNAME = Jaycee;
				TargetAttributes = {
					522AC38423A726FE00F887BB = {
						CreatedOnToolsVersion = 11.1;
					};
				};
			};
			buildConfigurationList = 522AC38023A726FE00F887BB /* Build configuration list for PBXProject "ProjectSeller" */;
			compatibilityVersion = "Xcode 9.3";
			developmentRegion = en;
			hasScannedForEncodings = 0;
			knownRegions = (
				en,
				Base,
			);
			mainGroup = 522AC37C23A726FE00F887BB;
			productRefGroup = 522AC38623A726FE00F887BB /* Products */;
			projectDirPath = "";
			projectRoot = "";
			targets = (
				522AC38423A726FE00F887BB /* ProjectSeller */,
			);
		};
/* End PBXProject section */

/* Begin PBXResourcesBuildPhase section */
		522AC38323A726FE00F887BB /* Resources */ = {
			isa = PBXResourcesBuildPhase;
			buildActionMask = 2147483647;
			files = (
				522AC39523A726FF00F887BB /* LaunchScreen.storyboard in Resources */,
				522AC39223A726FF00F887BB /* Assets.xcassets in Resources */,
				522AC3B923A7279C00F887BB /* ItemCell.xib in Resources */,
				522AC3B723A7279C00F887BB /* LoadingCell.xib in Resources */,
				522AC3B823A7279C00F887BB /* ImageCell.xib in Resources */,
				522AC39023A726FE00F887BB /* Main.storyboard in Resources */,
			);
			runOnlyForDeploymentPostprocessing = 0;
		};
/* End PBXResourcesBuildPhase section */

/* Begin PBXSourcesBuildPhase section */
		522AC38123A726FE00F887BB /* Sources */ = {
			isa = PBXSourcesBuildPhase;
			buildActionMask = 2147483647;
			files = (
				522AC3A323A7278500F887BB /* Extension+UIImage.swift in Sources */,
				522AC38D23A726FE00F887BB /* ViewController.swift in Sources */,
				522AC3A123A7278500F887BB /* Extension+JSON.swift in Sources */,
				522AC3AD23A7279400F887BB /* DetailViewController.swift in Sources */,
				522AC3B523A7279C00F887BB /* ItemCell.swift in Sources */,
				522AC38923A726FE00F887BB /* AppDelegate.swift in Sources */,
				522AC3AC23A7279400F887BB /* ViewController.swift in Sources */,
				522AC3A723A7278E00F887BB /* RMPZoomTransitionAnimator.swift in Sources */,
				522AC3B423A7279C00F887BB /* LoadingCell.swift in Sources */,
				522AC39D23A7277F00F887BB /* API.swift in Sources */,
				522AC3A823A7278E00F887BB /* RMPZoomTransitionDelegate.swift in Sources */,
				522AC38B23A726FE00F887BB /* SceneDelegate.swift in Sources */,
				522AC3A923A7278E00F887BB /* RMPZoomTransitionAnimating.swift in Sources */,
				522AC3A223A7278500F887BB /* Extension+UIColor.swift in Sources */,
				522AC3B623A7279C00F887BB /* ImageCell.swift in Sources */,
			);
			runOnlyForDeploymentPostprocessing = 0;
		};
/* End PBXSourcesBuildPhase section */

/* Begin PBXVariantGroup section */
		522AC38E23A726FE00F887BB /* Main.storyboard */ = {
			isa = PBXVariantGroup;
			children = (
				522AC38F23A726FE00F887BB /* Base */,
			);
			name = Main.storyboard;
			sourceTree = "<group>";
		};
		522AC39323A726FF00F887BB /* LaunchScreen.storyboard */ = {
			isa = PBXVariantGroup;
			children = (
				522AC39423A726FF00F887BB /* Base */,
			);
			name = LaunchScreen.storyboard;
			sourceTree = "<group>";
		};
/* End PBXVariantGroup section */

/* Begin XCBuildConfiguration section */
		522AC39723A726FF00F887BB /* Debug */ = {
			isa = XCBuildConfiguration;
			buildSettings = {
				ALWAYS_SEARCH_USER_PATHS = NO;
				CLANG_ANALYZER_NONNULL = YES;
				CLANG_ANALYZER_NUMBER_OBJECT_CONVERSION = YES_AGGRESSIVE;
				CLANG_CXX_LANGUAGE_STANDARD = "gnu++14";
				CLANG_CXX_LIBRARY = "libc++";
				CLANG_ENABLE_MODULES = YES;
				CLANG_ENABLE_OBJC_ARC = YES;
				CLANG_ENABLE_OBJC_WEAK = YES;
				CLANG_WARN_BLOCK_CAPTURE_AUTORELEASING = YES;
				CLANG_WARN_BOOL_CONVERSION = YES;
				CLANG_WARN_COMMA = YES;
				CLANG_WARN_CONSTANT_CONVERSION = YES;
				CLANG_WARN_DEPRECATED_OBJC_IMPLEMENTATIONS = YES;
				CLANG_WARN_DIRECT_OBJC_ISA_USAGE = YES_ERROR;
				CLANG_WARN_DOCUMENTATION_COMMENTS = YES;
				CLANG_WARN_EMPTY_BODY = YES;
				CLANG_WARN_ENUM_CONVERSION = YES;
				CLANG_WARN_INFINITE_RECURSION = YES;
				CLANG_WARN_INT_CONVERSION = YES;
				CLANG_WARN_NON_LITERAL_NULL_CONVERSION = YES;
				CLANG_WARN_OBJC_IMPLICIT_RETAIN_SELF = YES;
				CLANG_WARN_OBJC_LITERAL_CONVERSION = YES;
				CLANG_WARN_OBJC_ROOT_CLASS = YES_ERROR;
				CLANG_WARN_RANGE_LOOP_ANALYSIS = YES;
				CLANG_WARN_STRICT_PROTOTYPES = YES;
				CLANG_WARN_SUSPICIOUS_MOVE = YES;
				CLANG_WARN_UNGUARDED_AVAILABILITY = YES_AGGRESSIVE;
				CLANG_WARN_UNREACHABLE_CODE = YES;
				CLANG_WARN__DUPLICATE_METHOD_MATCH = YES;
				COPY_PHASE_STRIP = NO;
				DEBUG_INFORMATION_FORMAT = dwarf;
				ENABLE_STRICT_OBJC_MSGSEND = YES;
				ENABLE_TESTABILITY = YES;
				GCC_C_LANGUAGE_STANDARD = gnu11;
				GCC_DYNAMIC_NO_PIC = NO;
				GCC_NO_COMMON_BLOCKS = YES;
				GCC_OPTIMIZATION_LEVEL = 0;
				GCC_PREPROCESSOR_DEFINITIONS = (
					"DEBUG=1",
					"$(inherited)",
				);
				GCC_WARN_64_TO_32_BIT_CONVERSION = YES;
				GCC_WARN_ABOUT_RETURN_TYPE = YES_ERROR;
				GCC_WARN_UNDECLARED_SELECTOR = YES;
				GCC_WARN_UNINITIALIZED_AUTOS = YES_AGGRESSIVE;
				GCC_WARN_UNUSED_FUNCTION = YES;
				GCC_WARN_UNUSED_VARIABLE = YES;
				IPHONEOS_DEPLOYMENT_TARGET = 13.1;
				MTL_ENABLE_DEBUG_INFO = INCLUDE_SOURCE;
				MTL_FAST_MATH = YES;
				ONLY_ACTIVE_ARCH = YES;
				SDKROOT = iphoneos;
				SWIFT_ACTIVE_COMPILATION_CONDITIONS = DEBUG;
				SWIFT_OPTIMIZATION_LEVEL = "-Onone";
			};
			name = Debug;
		};
		522AC39823A726FF00F887BB /* Release */ = {
			isa = XCBuildConfiguration;
			buildSettings = {
				ALWAYS_SEARCH_USER_PATHS = NO;
				CLANG_ANALYZER_NONNULL = YES;
				CLANG_ANALYZER_NUMBER_OBJECT_CONVERSION = YES_AGGRESSIVE;
				CLANG_CXX_LANGUAGE_STANDARD = "gnu++14";
				CLANG_CXX_LIBRARY = "libc++";
				CLANG_ENABLE_MODULES = YES;
				CLANG_ENABLE_OBJC_ARC = YES;
				CLANG_ENABLE_OBJC_WEAK = YES;
				CLANG_WARN_BLOCK_CAPTURE_AUTORELEASING = YES;
				CLANG_WARN_BOOL_CONVERSION = YES;
				CLANG_WARN_COMMA = YES;
				CLANG_WARN_CONSTANT_CONVERSION = YES;
				CLANG_WARN_DEPRECATED_OBJC_IMPLEMENTATIONS = YES;
				CLANG_WARN_DIRECT_OBJC_ISA_USAGE = YES_ERROR;
				CLANG_WARN_DOCUMENTATION_COMMENTS = YES;
				CLANG_WARN_EMPTY_BODY = YES;
				CLANG_WARN_ENUM_CONVERSION = YES;
				CLANG_WARN_INFINITE_RECURSION = YES;
				CLANG_WARN_INT_CONVERSION = YES;
				CLANG_WARN_NON_LITERAL_NULL_CONVERSION = YES;
				CLANG_WARN_OBJC_IMPLICIT_RETAIN_SELF = YES;
				CLANG_WARN_OBJC_LITERAL_CONVERSION = YES;
				CLANG_WARN_OBJC_ROOT_CLASS = YES_ERROR;
				CLANG_WARN_RANGE_LOOP_ANALYSIS = YES;
				CLANG_WARN_STRICT_PROTOTYPES = YES;
				CLANG_WARN_SUSPICIOUS_MOVE = YES;
				CLANG_WARN_UNGUARDED_AVAILABILITY = YES_AGGRESSIVE;
				CLANG_WARN_UNREACHABLE_CODE = YES;
				CLANG_WARN__DUPLICATE_METHOD_MATCH = YES;
				COPY_PHASE_STRIP = NO;
				DEBUG_INFORMATION_FORMAT = "dwarf-with-dsym";
				ENABLE_NS_ASSERTIONS = NO;
				ENABLE_STRICT_OBJC_MSGSEND = YES;
				GCC_C_LANGUAGE_STANDARD = gnu11;
				GCC_NO_COMMON_BLOCKS = YES;
				GCC_WARN_64_TO_32_BIT_CONVERSION = YES;
				GCC_WARN_ABOUT_RETURN_TYPE = YES_ERROR;
				GCC_WARN_UNDECLARED_SELECTOR = YES;
				GCC_WARN_UNINITIALIZED_AUTOS = YES_AGGRESSIVE;
				GCC_WARN_UNUSED_FUNCTION = YES;
				GCC_WARN_UNUSED_VARIABLE = YES;
				IPHONEOS_DEPLOYMENT_TARGET = 13.1;
				MTL_ENABLE_DEBUG_INFO = NO;
				MTL_FAST_MATH = YES;
				SDKROOT = iphoneos;
				SWIFT_COMPILATION_MODE = wholemodule;
				SWIFT_OPTIMIZATION_LEVEL = "-O";
				VALIDATE_PRODUCT = YES;
			};
			name = Release;
		};
		522AC39A23A726FF00F887BB /* Debug */ = {
			isa = XCBuildConfiguration;
			buildSettings = {
				ASSETCATALOG_COMPILER_APPICON_NAME = AppIcon;
				CODE_SIGN_STYLE = Automatic;
				DEVELOPMENT_TEAM = HBXK2UB5Z3;
				INFOPLIST_FILE = "ProjectSeller/Supporting Files/Info.plist";
				LD_RUNPATH_SEARCH_PATHS = (
					"$(inherited)",
					"@executable_path/Frameworks",
				);
				PRODUCT_BUNDLE_IDENTIFIER = Jaycee.ProjectSeller;
				PRODUCT_NAME = "$(TARGET_NAME)";
				SWIFT_VERSION = 5.0;
				TARGETED_DEVICE_FAMILY = "1,2";
			};
			name = Debug;
		};
		522AC39B23A726FF00F887BB /* Release */ = {
			isa = XCBuildConfiguration;
			buildSettings = {
				ASSETCATALOG_COMPILER_APPICON_NAME = AppIcon;
				CODE_SIGN_STYLE = Automatic;
				DEVELOPMENT_TEAM = HBXK2UB5Z3;
				INFOPLIST_FILE = "ProjectSeller/Supporting Files/Info.plist";
				LD_RUNPATH_SEARCH_PATHS = (
					"$(inherited)",
					"@executable_path/Frameworks",
				);
				PRODUCT_BUNDLE_IDENTIFIER = Jaycee.ProjectSeller;
				PRODUCT_NAME = "$(TARGET_NAME)";
				SWIFT_VERSION = 5.0;
				TARGETED_DEVICE_FAMILY = "1,2";
			};
			name = Release;
		};
/* End XCBuildConfiguration section */

/* Begin XCConfigurationList section */
		522AC38023A726FE00F887BB /* Build configuration list for PBXProject "ProjectSeller" */ = {
			isa = XCConfigurationList;
			buildConfigurations = (
				522AC39723A726FF00F887BB /* Debug */,
				522AC39823A726FF00F887BB /* Release */,
			);
			defaultConfigurationIsVisible = 0;
			defaultConfigurationName = Release;
		};
		522AC39923A726FF00F887BB /* Build configuration list for PBXNativeTarget "ProjectSeller" */ = {
			isa = XCConfigurationList;
			buildConfigurations = (
				522AC39A23A726FF00F887BB /* Debug */,
				522AC39B23A726FF00F887BB /* Release */,
			);
			defaultConfigurationIsVisible = 0;
			defaultConfigurationName = Release;
		};
/* End XCConfigurationList section */
	};
	rootObject = 522AC37D23A726FE00F887BB /* Project object */;
}
